
Microsoft Visual Studio Solution File, Format Version 12.00
# Visual Studio Version 17
VisualStudioVersion = 17.0.32112.339
MinimumVisualStudioVersion = 10.0.40219.1
Project("{F184B08F-C81C-45F6-A57F-5ABD9991F28F}") = "WallStreetProject", "WallStreetProject.vbproj", "{A18B7151-51C9-4FB2-AC94-0292B499D019}"
EndProject
Global
	GlobalSection(SolutionConfigurationPlatforms) = preSolution
		Debug|Any CPU = Debug|Any CPU
		Release|Any CPU = Release|Any CPU
	EndGlobalSection
	GlobalSection(ProjectConfigurationPlatforms) = postSolution
		{A18B7151-51C9-4FB2-AC94-0292B499D019}.Debug|Any CPU.ActiveCfg = Debug|Any CPU
		{A18B7151-51C9-4FB2-AC94-0292B499D019}.Debug|Any CPU.Build.0 = Debug|Any CPU
		{A18B7151-51C9-4FB2-AC94-0292B499D019}.Release|Any CPU.ActiveCfg = Release|Any CPU
		{A18B7151-51C9-4FB2-AC94-0292B499D019}.Release|Any CPU.Build.0 = Release|Any CPU
	EndGlobalSection
	GlobalSection(SolutionProperties) = preSolution
		HideSolutionNode = FALSE
	EndGlobalSection
	GlobalSection(ExtensibilityGlobals) = postSolution
		SolutionGuid = {0DA4BF89-E8B6-4FE1-8F79-03B10E3D81F6}
	EndGlobalSection
EndGlobal
